
Microsoft Visual Studio Solution File, Format Version 12.00
# Visual Studio Version 17
VisualStudioVersion = 17.5.002.0
MinimumVisualStudioVersion = 10.0.40219.1
Project("{9A19103F-16F7-4668-BE54-9A1E7A4F7556}") = "ConsoleChat", "ConsoleChat.csproj", "{606FC634-241F-4F93-8038-2822EB504D02}"
EndProject
Global
	GlobalSection(SolutionConfigurationPlatforms) = preSolution
		Debug|Any CPU = Debug|Any CPU
		Release|Any CPU = Release|Any CPU
	EndGlobalSection
	GlobalSection(ProjectConfigurationPlatforms) = postSolution
		{606FC634-241F-4F93-8038-2822EB504D02}.Debug|Any CPU.ActiveCfg = Debug|Any CPU
		{606FC634-241F-4F93-8038-2822EB504D02}.Debug|Any CPU.Build.0 = Debug|Any CPU
		{606FC634-241F-4F93-8038-2822EB504D02}.Release|Any CPU.ActiveCfg = Release|Any CPU
		{606FC634-241F-4F93-8038-2822EB504D02}.Release|Any CPU.Build.0 = Release|Any CPU
	EndGlobalSection
	GlobalSection(SolutionProperties) = preSolution
		HideSolutionNode = FALSE
	EndGlobalSection
	GlobalSection(ExtensibilityGlobals) = postSolution
		SolutionGuid = {DE4BF107-8F64-4928-8CE8-FC3C57640FA5}
	EndGlobalSection
EndGlobal
